// !$*UTF8*$!
{
	archiveVersion = 1;
	classes = {
	};
	objectVersion = 46;
	objects = {

/* Begin PBXBuildFile section */
		E4B3B9E91E8DDBAF00B6BFEF /* main.m in Sources */ = {isa = PBXBuildFile; fileRef = E4B3B9E81E8DDBAF00B6BFEF /* main.m */; };
		E4B3B9F41E8DDBFD00B6BFEF /* Cliente.m in Sources */ = {isa = PBXBuildFile; fileRef = E4B3B9F31E8DDBFD00B6BFEF /* Cliente.m */; };
/* End PBXBuildFile section */

/* Begin PBXCopyFilesBuildPhase section */
		E4B3B9E31E8DDBAF00B6BFEF /* CopyFiles */ = {
			isa = PBXCopyFilesBuildPhase;
			buildActionMask = 2147483647;
			dstPath = /usr/share/man/man1/;
			dstSubfolderSpec = 0;
			files = (
			);
			runOnlyForDeploymentPostprocessing = 1;
		};
/* End PBXCopyFilesBuildPhase section */

/* Begin PBXFileReference section */
		E4B3B9E51E8DDBAF00B6BFEF /* cliente */ = {isa = PBXFileReference; explicitFileType = "compiled.mach-o.executable"; includeInIndex = 0; path = cliente; sourceTree = BUILT_PRODUCTS_DIR; };
		E4B3B9E81E8DDBAF00B6BFEF /* main.m */ = {isa = PBXFileReference; lastKnownFileType = sourcecode.c.objc; path = main.m; sourceTree = "<group>"; };
		E4B3B9F21E8DDBFD00B6BFEF /* Cliente.h */ = {isa = PBXFileReference; fileEncoding = 4; lastKnownFileType = sourcecode.c.h; path = Cliente.h; sourceTree = "<group>"; };
		E4B3B9F31E8DDBFD00B6BFEF /* Cliente.m */ = {isa = PBXFileReference; fileEncoding = 4; lastKnownFileType = sourcecode.c.objc; path = Cliente.m; sourceTree = "<group>"; };
/* End PBXFileReference section */

/* Begin PBXFrameworksBuildPhase section */
		E4B3B9E21E8DDBAF00B6BFEF /* Frameworks */ = {
			isa = PBXFrameworksBuildPhase;
			buildActionMask = 2147483647;
			files = (
			);
			runOnlyForDeploymentPostprocessing = 0;
		};
/* End PBXFrameworksBuildPhase section */

/* Begin PBXGroup section */
		E4B3B9DC1E8DDBAF00B6BFEF = {
			isa = PBXGroup;
			children = (
				E4B3B9E71E8DDBAF00B6BFEF /* cliente */,
				E4B3B9E61E8DDBAF00B6BFEF /* Products */,
			);
			sourceTree = "<group>";
		};
		E4B3B9E61E8DDBAF00B6BFEF /* Products */ = {
			isa = PBXGroup;
			children = (
				E4B3B9E51E8DDBAF00B6BFEF /* cliente */,
			);
			name = Products;
			sourceTree = "<group>";
		};
		E4B3B9E71E8DDBAF00B6BFEF /* cliente */ = {
			isa = PBXGroup;
			children = (
				E4B3B9E81E8DDBAF00B6BFEF /* main.m */,
				E4B3B9F21E8DDBFD00B6BFEF /* Cliente.h */,
				E4B3B9F31E8DDBFD00B6BFEF /* Cliente.m */,
			);
			path = cliente;
			sourceTree = "<group>";
		};
/* End PBXGroup section */

/* Begin PBXNativeTarget section */
		E4B3B9E41E8DDBAF00B6BFEF /* cliente */ = {
			isa = PBXNativeTarget;
			buildConfigurationList = E4B3B9EC1E8DDBAF00B6BFEF /* Build configuration list for PBXNativeTarget "cliente" */;
			buildPhases = (
				E4B3B9E11E8DDBAF00B6BFEF /* Sources */,
				E4B3B9E21E8DDBAF00B6BFEF /* Frameworks */,
				E4B3B9E31E8DDBAF00B6BFEF /* CopyFiles */,
			);
			buildRules = (
			);
			dependencies = (
			);
			name = cliente;
			productName = cliente;
			productReference = E4B3B9E51E8DDBAF00B6BFEF /* cliente */;
			productType = "com.apple.product-type.tool";
		};
/* End PBXNativeTarget section */

/* Begin PBXProject section */
		E4B3B9DD1E8DDBAF00B6BFEF /* Project object */ = {
			isa = PBXProject;
			attributes = {
				LastUpgradeCheck = 0830;
				ORGANIZATIONNAME = "Guilherme Cateli";
				TargetAttributes = {
					E4B3B9E41E8DDBAF00B6BFEF = {
						CreatedOnToolsVersion = 8.3;
						ProvisioningStyle = Automatic;
					};
				};
			};
			buildConfigurationList = E4B3B9E01E8DDBAF00B6BFEF /* Build configuration list for PBXProject "cliente" */;
			compatibilityVersion = "Xcode 3.2";
			developmentRegion = English;
			hasScannedForEncodings = 0;
			knownRegions = (
				en,
			);
			mainGroup = E4B3B9DC1E8DDBAF00B6BFEF;
			productRefGroup = E4B3B9E61E8DDBAF00B6BFEF /* Products */;
			projectDirPath = "";
			projectRoot = "";
			targets = (
				E4B3B9E41E8DDBAF00B6BFEF /* cliente */,
			);
		};
/* End PBXProject section */

/* Begin PBXSourcesBuildPhase section */
		E4B3B9E11E8DDBAF00B6BFEF /* Sources */ = {
			isa = PBXSourcesBuildPhase;
			buildActionMask = 2147483647;
			files = (
				E4B3B9F41E8DDBFD00B6BFEF /* Cliente.m in Sources */,
				E4B3B9E91E8DDBAF00B6BFEF /* main.m in Sources */,
			);
			runOnlyForDeploymentPostprocessing = 0;
		};
/* End PBXSourcesBuildPhase section */

/* Begin XCBuildConfiguration section */
		E4B3B9EA1E8DDBAF00B6BFEF /* Debug */ = {
			isa = XCBuildConfiguration;
			buildSettings = {
				ALWAYS_SEARCH_USER_PATHS = NO;
				CLANG_ANALYZER_NONNULL = YES;
				CLANG_ANALYZER_NUMBER_OBJECT_CONVERSION = YES_AGGRESSIVE;
				CLANG_CXX_LANGUAGE_STANDARD = "gnu++0x";
				CLANG_CXX_LIBRARY = "libc++";
				CLANG_ENABLE_MODULES = YES;
				CLANG_ENABLE_OBJC_ARC = YES;
				CLANG_WARN_BOOL_CONVERSION = YES;
				CLANG_WARN_CONSTANT_CONVERSION = YES;
				CLANG_WARN_DIRECT_OBJC_ISA_USAGE = YES_ERROR;
				CLANG_WARN_DOCUMENTATION_COMMENTS = YES;
				CLANG_WARN_EMPTY_BODY = YES;
				CLANG_WARN_ENUM_CONVERSION = YES;
				CLANG_WARN_INFINITE_RECURSION = YES;
				CLANG_WARN_INT_CONVERSION = YES;
				CLANG_WARN_OBJC_ROOT_CLASS = YES_ERROR;
				CLANG_WARN_SUSPICIOUS_MOVE = YES;
				CLANG_WARN_UNREACHABLE_CODE = YES;
				CLANG_WARN__DUPLICATE_METHOD_MATCH = YES;
				CODE_SIGN_IDENTITY = "-";
				COPY_PHASE_STRIP = NO;
				DEBUG_INFORMATION_FORMAT = dwarf;
				ENABLE_STRICT_OBJC_MSGSEND = YES;
				ENABLE_TESTABILITY = YES;
				GCC_C_LANGUAGE_STANDARD = gnu99;
				GCC_DYNAMIC_NO_PIC = NO;
				GCC_NO_COMMON_BLOCKS = YES;
				GCC_OPTIMIZATION_LEVEL = 0;
				GCC_PREPROCESSOR_DEFINITIONS = (
					"DEBUG=1",
					"$(inherited)",
				);
				GCC_WARN_64_TO_32_BIT_CONVERSION = YES;
				GCC_WARN_ABOUT_RETURN_TYPE = YES_ERROR;
				GCC_WARN_UNDECLARED_SELECTOR = YES;
				GCC_WARN_UNINITIALIZED_AUTOS = YES_AGGRESSIVE;
				GCC_WARN_UNUSED_FUNCTION = YES;
				GCC_WARN_UNUSED_VARIABLE = YES;
				MACOSX_DEPLOYMENT_TARGET = 10.12;
				MTL_ENABLE_DEBUG_INFO = YES;
				ONLY_ACTIVE_ARCH = YES;
				SDKROOT = macosx;
			};
			name = Debug;
		};
		E4B3B9EB1E8DDBAF00B6BFEF /* Release */ = {
			isa = XCBuildConfiguration;
			buildSettings = {
				ALWAYS_SEARCH_USER_PATHS = NO;
				CLANG_ANALYZER_NONNULL = YES;
				CLANG_ANALYZER_NUMBER_OBJECT_CONVERSION = YES_AGGRESSIVE;
				CLANG_CXX_LANGUAGE_STANDARD = "gnu++0x";
				CLANG_CXX_LIBRARY = "libc++";
				CLANG_ENABLE_MODULES = YES;
				CLANG_ENABLE_OBJC_ARC = YES;
				CLANG_WARN_BOOL_CONVERSION = YES;
				CLANG_WARN_CONSTANT_CONVERSION = YES;
				CLANG_WARN_DIRECT_OBJC_ISA_USAGE = YES_ERROR;
				CLANG_WARN_DOCUMENTATION_COMMENTS = YES;
				CLANG_WARN_EMPTY_BODY = YES;
				CLANG_WARN_ENUM_CONVERSION = YES;
				CLANG_WARN_INFINITE_RECURSION = YES;
				CLANG_WARN_INT_CONVERSION = YES;
				CLANG_WARN_OBJC_ROOT_CLASS = YES_ERROR;
				CLANG_WARN_SUSPICIOUS_MOVE = YES;
				CLANG_WARN_UNREACHABLE_CODE = YES;
				CLANG_WARN__DUPLICATE_METHOD_MATCH = YES;
				CODE_SIGN_IDENTITY = "-";
				COPY_PHASE_STRIP = NO;
				DEBUG_INFORMATION_FORMAT = "dwarf-with-dsym";
				ENABLE_NS_ASSERTIONS = NO;
				ENABLE_STRICT_OBJC_MSGSEND = YES;
				GCC_C_LANGUAGE_STANDARD = gnu99;
				GCC_NO_COMMON_BLOCKS = YES;
				GCC_WARN_64_TO_32_BIT_CONVERSION = YES;
				GCC_WARN_ABOUT_RETURN_TYPE = YES_ERROR;
				GCC_WARN_UNDECLARED_SELECTOR = YES;
				GCC_WARN_UNINITIALIZED_AUTOS = YES_AGGRESSIVE;
				GCC_WARN_UNUSED_FUNCTION = YES;
				GCC_WARN_UNUSED_VARIABLE = YES;
				MACOSX_DEPLOYMENT_TARGET = 10.12;
				MTL_ENABLE_DEBUG_INFO = NO;
				SDKROOT = macosx;
			};
			name = Release;
		};
		E4B3B9ED1E8DDBAF00B6BFEF /* Debug */ = {
			isa = XCBuildConfiguration;
			buildSettings = {
				PRODUCT_NAME = "$(TARGET_NAME)";
			};
			name = Debug;
		};
		E4B3B9EE1E8DDBAF00B6BFEF /* Release */ = {
			isa = XCBuildConfiguration;
			buildSettings = {
				PRODUCT_NAME = "$(TARGET_NAME)";
			};
			name = Release;
		};
/* End XCBuildConfiguration section */

/* Begin XCConfigurationList section */
		E4B3B9E01E8DDBAF00B6BFEF /* Build configuration list for PBXProject "cliente" */ = {
			isa = XCConfigurationList;
			buildConfigurations = (
				E4B3B9EA1E8DDBAF00B6BFEF /* Debug */,
				E4B3B9EB1E8DDBAF00B6BFEF /* Release */,
			);
			defaultConfigurationIsVisible = 0;
			defaultConfigurationName = Release;
		};
		E4B3B9EC1E8DDBAF00B6BFEF /* Build configuration list for PBXNativeTarget "cliente" */ = {
			isa = XCConfigurationList;
			buildConfigurations = (
				E4B3B9ED1E8DDBAF00B6BFEF /* Debug */,
				E4B3B9EE1E8DDBAF00B6BFEF /* Release */,
			);
			defaultConfigurationIsVisible = 0;
		};
/* End XCConfigurationList section */
	};
	rootObject = E4B3B9DD1E8DDBAF00B6BFEF /* Project object */;
}
